// !$*UTF8*$!
{
	archiveVersion = 1;
	classes = {
	};
	objectVersion = 50;
	objects = {

/* Begin PBXBuildFile section */
		5DE0709521A680D9003D00BF /* main.cc in Sources */ = {isa = PBXBuildFile; fileRef = 5DE0709321A680D9003D00BF /* main.cc */; };
		5DE0709B21A68109003D00BF /* invalid_command.cc in Sources */ = {isa = PBXBuildFile; fileRef = 5DE0709721A68108003D00BF /* invalid_command.cc */; };
		5DE0709C21A68109003D00BF /* base_exception.cc in Sources */ = {isa = PBXBuildFile; fileRef = 5DE0709821A68108003D00BF /* base_exception.cc */; };
		5DE0709F21A6813B003D00BF /* game.cc in Sources */ = {isa = PBXBuildFile; fileRef = 5DE0709E21A6813B003D00BF /* game.cc */; };
/* End PBXBuildFile section */

/* Begin PBXCopyFilesBuildPhase section */
		5DE0707121A67E89003D00BF /* CopyFiles */ = {
			isa = PBXCopyFilesBuildPhase;
			buildActionMask = 2147483647;
			dstPath = /usr/share/man/man1/;
			dstSubfolderSpec = 0;
			files = (
			);
			runOnlyForDeploymentPostprocessing = 1;
		};
/* End PBXCopyFilesBuildPhase section */

/* Begin PBXFileReference section */
		5DE0707D21A67EE4003D00BF /* Biquadris */ = {isa = PBXFileReference; explicitFileType = "compiled.mach-o.executable"; includeInIndex = 0; name = Biquadris; path = "/Users/walker/School/UW2A/CS246/CS246-Biquadris/proj/build/Debug/Biquadris"; sourceTree = "<absolute>"; };
		5DE0709321A680D9003D00BF /* main.cc */ = {isa = PBXFileReference; fileEncoding = 4; lastKnownFileType = sourcecode.cpp.cpp; path = main.cc; sourceTree = "<group>"; };
		5DE0709721A68108003D00BF /* invalid_command.cc */ = {isa = PBXFileReference; fileEncoding = 4; lastKnownFileType = sourcecode.cpp.cpp; name = invalid_command.cc; path = excp/invalid_command.cc; sourceTree = "<group>"; };
		5DE0709821A68108003D00BF /* base_exception.cc */ = {isa = PBXFileReference; fileEncoding = 4; lastKnownFileType = sourcecode.cpp.cpp; name = base_exception.cc; path = excp/base_exception.cc; sourceTree = "<group>"; };
		5DE0709921A68108003D00BF /* base_exception.h */ = {isa = PBXFileReference; fileEncoding = 4; lastKnownFileType = sourcecode.c.h; name = base_exception.h; path = excp/base_exception.h; sourceTree = "<group>"; };
		5DE0709A21A68109003D00BF /* invalid_command.h */ = {isa = PBXFileReference; fileEncoding = 4; lastKnownFileType = sourcecode.c.h; name = invalid_command.h; path = excp/invalid_command.h; sourceTree = "<group>"; };
		5DE0709D21A6813B003D00BF /* game.h */ = {isa = PBXFileReference; fileEncoding = 4; lastKnownFileType = sourcecode.c.h; name = game.h; path = core/game.h; sourceTree = "<group>"; };
		5DE0709E21A6813B003D00BF /* game.cc */ = {isa = PBXFileReference; fileEncoding = 4; lastKnownFileType = sourcecode.cpp.cpp; name = game.cc; path = core/game.cc; sourceTree = "<group>"; };
/* End PBXFileReference section */

/* Begin PBXFrameworksBuildPhase section */
		5DE0707021A67E89003D00BF /* Frameworks */ = {
			isa = PBXFrameworksBuildPhase;
			buildActionMask = 2147483647;
			files = (
			);
			runOnlyForDeploymentPostprocessing = 0;
		};
/* End PBXFrameworksBuildPhase section */

/* Begin PBXGroup section */
		5DE0706A21A67E89003D00BF = {
			isa = PBXGroup;
			children = (
				5DE070A021A6815A003D00BF /* Biquadris */,
			);
			sourceTree = "<group>";
		};
		5DE0709021A680CB003D00BF /* core */ = {
			isa = PBXGroup;
			children = (
				5DE0709E21A6813B003D00BF /* game.cc */,
				5DE0709D21A6813B003D00BF /* game.h */,
			);
			name = core;
			sourceTree = "<group>";
		};
		5DE0709621A680E5003D00BF /* excp */ = {
			isa = PBXGroup;
			children = (
				5DE0709821A68108003D00BF /* base_exception.cc */,
				5DE0709921A68108003D00BF /* base_exception.h */,
				5DE0709721A68108003D00BF /* invalid_command.cc */,
				5DE0709A21A68109003D00BF /* invalid_command.h */,
			);
			name = excp;
			sourceTree = "<group>";
		};
		5DE070A021A6815A003D00BF /* Biquadris */ = {
			isa = PBXGroup;
			children = (
				5DE0709321A680D9003D00BF /* main.cc */,
				5DE0709621A680E5003D00BF /* excp */,
				5DE0709021A680CB003D00BF /* core */,
			);
			name = Biquadris;
			sourceTree = "<group>";
		};
/* End PBXGroup section */

/* Begin PBXNativeTarget section */
		5DE0707221A67E89003D00BF /* Biquadris */ = {
			isa = PBXNativeTarget;
			buildConfigurationList = 5DE0707A21A67E89003D00BF /* Build configuration list for PBXNativeTarget "Biquadris" */;
			buildPhases = (
				5DE0706F21A67E89003D00BF /* Sources */,
				5DE0707021A67E89003D00BF /* Frameworks */,
				5DE0707121A67E89003D00BF /* CopyFiles */,
			);
			buildRules = (
			);
			dependencies = (
			);
			name = Biquadris;
			productName = Biquadris;
			productReference = 5DE0707D21A67EE4003D00BF /* Biquadris */;
			productType = "com.apple.product-type.tool";
		};
/* End PBXNativeTarget section */

/* Begin PBXProject section */
		5DE0706B21A67E89003D00BF /* Project object */ = {
			isa = PBXProject;
			attributes = {
				LastUpgradeCheck = 1000;
				ORGANIZATIONNAME = "Walker Hildebrand";
				TargetAttributes = {
					5DE0707221A67E89003D00BF = {
						CreatedOnToolsVersion = 10.0;
					};
				};
			};
			buildConfigurationList = 5DE0706E21A67E89003D00BF /* Build configuration list for PBXProject "Biquadris" */;
			compatibilityVersion = "Xcode 9.3";
			developmentRegion = en;
			hasScannedForEncodings = 0;
			knownRegions = (
				en,
			);
			mainGroup = 5DE0706A21A67E89003D00BF;
			productRefGroup = 5DE0706A21A67E89003D00BF;
			projectDirPath = "";
			projectRoot = "";
			targets = (
				5DE0707221A67E89003D00BF /* Biquadris */,
			);
		};
/* End PBXProject section */

/* Begin PBXSourcesBuildPhase section */
		5DE0706F21A67E89003D00BF /* Sources */ = {
			isa = PBXSourcesBuildPhase;
			buildActionMask = 2147483647;
			files = (
				5DE0709B21A68109003D00BF /* invalid_command.cc in Sources */,
				5DE0709F21A6813B003D00BF /* game.cc in Sources */,
				5DE0709521A680D9003D00BF /* main.cc in Sources */,
				5DE0709C21A68109003D00BF /* base_exception.cc in Sources */,
			);
			runOnlyForDeploymentPostprocessing = 0;
		};
/* End PBXSourcesBuildPhase section */

/* Begin XCBuildConfiguration section */
		5DE0707821A67E89003D00BF /* Debug */ = {
			isa = XCBuildConfiguration;
			buildSettings = {
				ALWAYS_SEARCH_USER_PATHS = NO;
				CLANG_ANALYZER_NONNULL = YES;
				CLANG_ANALYZER_NUMBER_OBJECT_CONVERSION = YES_AGGRESSIVE;
				CLANG_CXX_LANGUAGE_STANDARD = "gnu++14";
				CLANG_CXX_LIBRARY = "libc++";
				CLANG_ENABLE_MODULES = YES;
				CLANG_ENABLE_OBJC_ARC = YES;
				CLANG_ENABLE_OBJC_WEAK = YES;
				CLANG_WARN_BLOCK_CAPTURE_AUTORELEASING = YES;
				CLANG_WARN_BOOL_CONVERSION = YES;
				CLANG_WARN_COMMA = YES;
				CLANG_WARN_CONSTANT_CONVERSION = YES;
				CLANG_WARN_DEPRECATED_OBJC_IMPLEMENTATIONS = YES;
				CLANG_WARN_DIRECT_OBJC_ISA_USAGE = YES_ERROR;
				CLANG_WARN_DOCUMENTATION_COMMENTS = YES;
				CLANG_WARN_EMPTY_BODY = YES;
				CLANG_WARN_ENUM_CONVERSION = YES;
				CLANG_WARN_INFINITE_RECURSION = YES;
				CLANG_WARN_INT_CONVERSION = YES;
				CLANG_WARN_NON_LITERAL_NULL_CONVERSION = YES;
				CLANG_WARN_OBJC_IMPLICIT_RETAIN_SELF = YES;
				CLANG_WARN_OBJC_LITERAL_CONVERSION = YES;
				CLANG_WARN_OBJC_ROOT_CLASS = YES_ERROR;
				CLANG_WARN_RANGE_LOOP_ANALYSIS = YES;
				CLANG_WARN_STRICT_PROTOTYPES = YES;
				CLANG_WARN_SUSPICIOUS_MOVE = YES;
				CLANG_WARN_UNGUARDED_AVAILABILITY = YES_AGGRESSIVE;
				CLANG_WARN_UNREACHABLE_CODE = YES;
				CLANG_WARN__DUPLICATE_METHOD_MATCH = YES;
				CODE_SIGN_IDENTITY = "-";
				COPY_PHASE_STRIP = NO;
				DEBUG_INFORMATION_FORMAT = dwarf;
				ENABLE_STRICT_OBJC_MSGSEND = YES;
				ENABLE_TESTABILITY = YES;
				GCC_C_LANGUAGE_STANDARD = gnu11;
				GCC_DYNAMIC_NO_PIC = NO;
				GCC_NO_COMMON_BLOCKS = YES;
				GCC_OPTIMIZATION_LEVEL = 0;
				GCC_PREPROCESSOR_DEFINITIONS = (
					"DEBUG=1",
					"$(inherited)",
				);
				GCC_WARN_64_TO_32_BIT_CONVERSION = YES;
				GCC_WARN_ABOUT_RETURN_TYPE = YES_ERROR;
				GCC_WARN_UNDECLARED_SELECTOR = YES;
				GCC_WARN_UNINITIALIZED_AUTOS = YES_AGGRESSIVE;
				GCC_WARN_UNUSED_FUNCTION = YES;
				GCC_WARN_UNUSED_VARIABLE = YES;
				MACOSX_DEPLOYMENT_TARGET = 10.14;
				MTL_ENABLE_DEBUG_INFO = INCLUDE_SOURCE;
				MTL_FAST_MATH = YES;
				ONLY_ACTIVE_ARCH = YES;
				SDKROOT = macosx;
			};
			name = Debug;
		};
		5DE0707921A67E89003D00BF /* Release */ = {
			isa = XCBuildConfiguration;
			buildSettings = {
				ALWAYS_SEARCH_USER_PATHS = NO;
				CLANG_ANALYZER_NONNULL = YES;
				CLANG_ANALYZER_NUMBER_OBJECT_CONVERSION = YES_AGGRESSIVE;
				CLANG_CXX_LANGUAGE_STANDARD = "gnu++14";
				CLANG_CXX_LIBRARY = "libc++";
				CLANG_ENABLE_MODULES = YES;
				CLANG_ENABLE_OBJC_ARC = YES;
				CLANG_ENABLE_OBJC_WEAK = YES;
				CLANG_WARN_BLOCK_CAPTURE_AUTORELEASING = YES;
				CLANG_WARN_BOOL_CONVERSION = YES;
				CLANG_WARN_COMMA = YES;
				CLANG_WARN_CONSTANT_CONVERSION = YES;
				CLANG_WARN_DEPRECATED_OBJC_IMPLEMENTATIONS = YES;
				CLANG_WARN_DIRECT_OBJC_ISA_USAGE = YES_ERROR;
				CLANG_WARN_DOCUMENTATION_COMMENTS = YES;
				CLANG_WARN_EMPTY_BODY = YES;
				CLANG_WARN_ENUM_CONVERSION = YES;
				CLANG_WARN_INFINITE_RECURSION = YES;
				CLANG_WARN_INT_CONVERSION = YES;
				CLANG_WARN_NON_LITERAL_NULL_CONVERSION = YES;
				CLANG_WARN_OBJC_IMPLICIT_RETAIN_SELF = YES;
				CLANG_WARN_OBJC_LITERAL_CONVERSION = YES;
				CLANG_WARN_OBJC_ROOT_CLASS = YES_ERROR;
				CLANG_WARN_RANGE_LOOP_ANALYSIS = YES;
				CLANG_WARN_STRICT_PROTOTYPES = YES;
				CLANG_WARN_SUSPICIOUS_MOVE = YES;
				CLANG_WARN_UNGUARDED_AVAILABILITY = YES_AGGRESSIVE;
				CLANG_WARN_UNREACHABLE_CODE = YES;
				CLANG_WARN__DUPLICATE_METHOD_MATCH = YES;
				CODE_SIGN_IDENTITY = "-";
				COPY_PHASE_STRIP = NO;
				DEBUG_INFORMATION_FORMAT = "dwarf-with-dsym";
				ENABLE_NS_ASSERTIONS = NO;
				ENABLE_STRICT_OBJC_MSGSEND = YES;
				GCC_C_LANGUAGE_STANDARD = gnu11;
				GCC_NO_COMMON_BLOCKS = YES;
				GCC_WARN_64_TO_32_BIT_CONVERSION = YES;
				GCC_WARN_ABOUT_RETURN_TYPE = YES_ERROR;
				GCC_WARN_UNDECLARED_SELECTOR = YES;
				GCC_WARN_UNINITIALIZED_AUTOS = YES_AGGRESSIVE;
				GCC_WARN_UNUSED_FUNCTION = YES;
				GCC_WARN_UNUSED_VARIABLE = YES;
				MACOSX_DEPLOYMENT_TARGET = 10.14;
				MTL_ENABLE_DEBUG_INFO = NO;
				MTL_FAST_MATH = YES;
				SDKROOT = macosx;
			};
			name = Release;
		};
		5DE0707B21A67E89003D00BF /* Debug */ = {
			isa = XCBuildConfiguration;
			buildSettings = {
				CODE_SIGN_STYLE = Automatic;
				PRODUCT_NAME = "$(TARGET_NAME)";
			};
			name = Debug;
		};
		5DE0707C21A67E89003D00BF /* Release */ = {
			isa = XCBuildConfiguration;
			buildSettings = {
				CODE_SIGN_STYLE = Automatic;
				PRODUCT_NAME = "$(TARGET_NAME)";
			};
			name = Release;
		};
/* End XCBuildConfiguration section */

/* Begin XCConfigurationList section */
		5DE0706E21A67E89003D00BF /* Build configuration list for PBXProject "Biquadris" */ = {
			isa = XCConfigurationList;
			buildConfigurations = (
				5DE0707821A67E89003D00BF /* Debug */,
				5DE0707921A67E89003D00BF /* Release */,
			);
			defaultConfigurationIsVisible = 0;
			defaultConfigurationName = Release;
		};
		5DE0707A21A67E89003D00BF /* Build configuration list for PBXNativeTarget "Biquadris" */ = {
			isa = XCConfigurationList;
			buildConfigurations = (
				5DE0707B21A67E89003D00BF /* Debug */,
				5DE0707C21A67E89003D00BF /* Release */,
			);
			defaultConfigurationIsVisible = 0;
			defaultConfigurationName = Release;
		};
/* End XCConfigurationList section */
	};
	rootObject = 5DE0706B21A67E89003D00BF /* Project object */;
}
