// !$*UTF8*$!
{
	archiveVersion = 1;
	classes = {
	};
	objectVersion = 50;
	objects = {

/* Begin PBXBuildFile section */
		5D5CDB1021A7851500CE28BD /* fallingBlock.cc in Sources */ = {isa = PBXBuildFile; fileRef = 5D5CDB0A21A7851500CE28BD /* fallingBlock.cc */; };
		5D5CDB1121A7851500CE28BD /* placedBlock.cc in Sources */ = {isa = PBXBuildFile; fileRef = 5D5CDB0D21A7851500CE28BD /* placedBlock.cc */; };
		5D5CDB1221A7851500CE28BD /* block.cc in Sources */ = {isa = PBXBuildFile; fileRef = 5D5CDB0E21A7851500CE28BD /* block.cc */; };
		5D5CDB2321A7852100CE28BD /* tBlock.cc in Sources */ = {isa = PBXBuildFile; fileRef = 5D5CDB1421A7852100CE28BD /* tBlock.cc */; };
		5D5CDB2421A7852100CE28BD /* oneByOneBlock.cc in Sources */ = {isa = PBXBuildFile; fileRef = 5D5CDB1521A7852100CE28BD /* oneByOneBlock.cc */; };
		5D5CDB2521A7852100CE28BD /* zBlock.cc in Sources */ = {isa = PBXBuildFile; fileRef = 5D5CDB1721A7852100CE28BD /* zBlock.cc */; };
		5D5CDB2621A7852100CE28BD /* oBlock.cc in Sources */ = {isa = PBXBuildFile; fileRef = 5D5CDB1921A7852100CE28BD /* oBlock.cc */; };
		5D5CDB2721A7852100CE28BD /* sBlock.cc in Sources */ = {isa = PBXBuildFile; fileRef = 5D5CDB1A21A7852100CE28BD /* sBlock.cc */; };
		5D5CDB2821A7852100CE28BD /* jBlock.cc in Sources */ = {isa = PBXBuildFile; fileRef = 5D5CDB1B21A7852100CE28BD /* jBlock.cc */; };
		5D5CDB2921A7852100CE28BD /* lBlock.cc in Sources */ = {isa = PBXBuildFile; fileRef = 5D5CDB1D21A7852100CE28BD /* lBlock.cc */; };
		5D5CDB2A21A7852100CE28BD /* iBlock.cc in Sources */ = {isa = PBXBuildFile; fileRef = 5D5CDB2021A7852100CE28BD /* iBlock.cc */; };
		5D5CDB2E21A7853A00CE28BD /* cell.cc in Sources */ = {isa = PBXBuildFile; fileRef = 5D5CDB2D21A7853A00CE28BD /* cell.cc */; };
		5D5CDB3121A7858300CE28BD /* not_implemented.cc in Sources */ = {isa = PBXBuildFile; fileRef = 5D5CDB2F21A7858300CE28BD /* not_implemented.cc */; };
		5DE0709521A680D9003D00BF /* main.cc in Sources */ = {isa = PBXBuildFile; fileRef = 5DE0709321A680D9003D00BF /* main.cc */; };
		5DE0709B21A68109003D00BF /* invalid_command.cc in Sources */ = {isa = PBXBuildFile; fileRef = 5DE0709721A68108003D00BF /* invalid_command.cc */; };
		5DE0709C21A68109003D00BF /* base_exception.cc in Sources */ = {isa = PBXBuildFile; fileRef = 5DE0709821A68108003D00BF /* base_exception.cc */; };
		5DE0709F21A6813B003D00BF /* game.cc in Sources */ = {isa = PBXBuildFile; fileRef = 5DE0709E21A6813B003D00BF /* game.cc */; };
/* End PBXBuildFile section */

/* Begin PBXCopyFilesBuildPhase section */
		5DE0707121A67E89003D00BF /* CopyFiles */ = {
			isa = PBXCopyFilesBuildPhase;
			buildActionMask = 2147483647;
			dstPath = /usr/share/man/man1/;
			dstSubfolderSpec = 0;
			files = (
			);
			runOnlyForDeploymentPostprocessing = 1;
		};
/* End PBXCopyFilesBuildPhase section */

/* Begin PBXFileReference section */
		5D5CDB0721A7849A00CE28BD /* Biquadris */ = {isa = PBXFileReference; explicitFileType = "compiled.mach-o.executable"; includeInIndex = 0; path = Biquadris; sourceTree = BUILT_PRODUCTS_DIR; };
		5D5CDB0A21A7851500CE28BD /* fallingBlock.cc */ = {isa = PBXFileReference; fileEncoding = 4; lastKnownFileType = sourcecode.cpp.cpp; name = fallingBlock.cc; path = core/block/fallingBlock.cc; sourceTree = "<group>"; };
		5D5CDB0B21A7851500CE28BD /* block.h */ = {isa = PBXFileReference; fileEncoding = 4; lastKnownFileType = sourcecode.c.h; name = block.h; path = core/block/block.h; sourceTree = "<group>"; };
		5D5CDB0C21A7851500CE28BD /* fallingBlock.h */ = {isa = PBXFileReference; fileEncoding = 4; lastKnownFileType = sourcecode.c.h; name = fallingBlock.h; path = core/block/fallingBlock.h; sourceTree = "<group>"; };
		5D5CDB0D21A7851500CE28BD /* placedBlock.cc */ = {isa = PBXFileReference; fileEncoding = 4; lastKnownFileType = sourcecode.cpp.cpp; name = placedBlock.cc; path = core/block/placedBlock.cc; sourceTree = "<group>"; };
		5D5CDB0E21A7851500CE28BD /* block.cc */ = {isa = PBXFileReference; fileEncoding = 4; lastKnownFileType = sourcecode.cpp.cpp; name = block.cc; path = core/block/block.cc; sourceTree = "<group>"; };
		5D5CDB0F21A7851500CE28BD /* placedBlock.h */ = {isa = PBXFileReference; fileEncoding = 4; lastKnownFileType = sourcecode.c.h; name = placedBlock.h; path = core/block/placedBlock.h; sourceTree = "<group>"; };
		5D5CDB1321A7852100CE28BD /* lBlock.h */ = {isa = PBXFileReference; fileEncoding = 4; lastKnownFileType = sourcecode.c.h; name = lBlock.h; path = core/block/shape/lBlock.h; sourceTree = "<group>"; };
		5D5CDB1421A7852100CE28BD /* tBlock.cc */ = {isa = PBXFileReference; fileEncoding = 4; lastKnownFileType = sourcecode.cpp.cpp; name = tBlock.cc; path = core/block/shape/tBlock.cc; sourceTree = "<group>"; };
		5D5CDB1521A7852100CE28BD /* oneByOneBlock.cc */ = {isa = PBXFileReference; fileEncoding = 4; lastKnownFileType = sourcecode.cpp.cpp; name = oneByOneBlock.cc; path = core/block/shape/oneByOneBlock.cc; sourceTree = "<group>"; };
		5D5CDB1621A7852100CE28BD /* tBlock.h */ = {isa = PBXFileReference; fileEncoding = 4; lastKnownFileType = sourcecode.c.h; name = tBlock.h; path = core/block/shape/tBlock.h; sourceTree = "<group>"; };
		5D5CDB1721A7852100CE28BD /* zBlock.cc */ = {isa = PBXFileReference; fileEncoding = 4; lastKnownFileType = sourcecode.cpp.cpp; name = zBlock.cc; path = core/block/shape/zBlock.cc; sourceTree = "<group>"; };
		5D5CDB1821A7852100CE28BD /* jBlock.h */ = {isa = PBXFileReference; fileEncoding = 4; lastKnownFileType = sourcecode.c.h; name = jBlock.h; path = core/block/shape/jBlock.h; sourceTree = "<group>"; };
		5D5CDB1921A7852100CE28BD /* oBlock.cc */ = {isa = PBXFileReference; fileEncoding = 4; lastKnownFileType = sourcecode.cpp.cpp; name = oBlock.cc; path = core/block/shape/oBlock.cc; sourceTree = "<group>"; };
		5D5CDB1A21A7852100CE28BD /* sBlock.cc */ = {isa = PBXFileReference; fileEncoding = 4; lastKnownFileType = sourcecode.cpp.cpp; name = sBlock.cc; path = core/block/shape/sBlock.cc; sourceTree = "<group>"; };
		5D5CDB1B21A7852100CE28BD /* jBlock.cc */ = {isa = PBXFileReference; fileEncoding = 4; lastKnownFileType = sourcecode.cpp.cpp; name = jBlock.cc; path = core/block/shape/jBlock.cc; sourceTree = "<group>"; };
		5D5CDB1C21A7852100CE28BD /* sBlock.h */ = {isa = PBXFileReference; fileEncoding = 4; lastKnownFileType = sourcecode.c.h; name = sBlock.h; path = core/block/shape/sBlock.h; sourceTree = "<group>"; };
		5D5CDB1D21A7852100CE28BD /* lBlock.cc */ = {isa = PBXFileReference; fileEncoding = 4; lastKnownFileType = sourcecode.cpp.cpp; name = lBlock.cc; path = core/block/shape/lBlock.cc; sourceTree = "<group>"; };
		5D5CDB1E21A7852100CE28BD /* zBlock.h */ = {isa = PBXFileReference; fileEncoding = 4; lastKnownFileType = sourcecode.c.h; name = zBlock.h; path = core/block/shape/zBlock.h; sourceTree = "<group>"; };
		5D5CDB1F21A7852100CE28BD /* oBlock.h */ = {isa = PBXFileReference; fileEncoding = 4; lastKnownFileType = sourcecode.c.h; name = oBlock.h; path = core/block/shape/oBlock.h; sourceTree = "<group>"; };
		5D5CDB2021A7852100CE28BD /* iBlock.cc */ = {isa = PBXFileReference; fileEncoding = 4; lastKnownFileType = sourcecode.cpp.cpp; name = iBlock.cc; path = core/block/shape/iBlock.cc; sourceTree = "<group>"; };
		5D5CDB2121A7852100CE28BD /* iBlock.h */ = {isa = PBXFileReference; fileEncoding = 4; lastKnownFileType = sourcecode.c.h; name = iBlock.h; path = core/block/shape/iBlock.h; sourceTree = "<group>"; };
		5D5CDB2221A7852100CE28BD /* oneByOneBlock.h */ = {isa = PBXFileReference; fileEncoding = 4; lastKnownFileType = sourcecode.c.h; name = oneByOneBlock.h; path = core/block/shape/oneByOneBlock.h; sourceTree = "<group>"; };
		5D5CDB2B21A7853A00CE28BD /* cell.h */ = {isa = PBXFileReference; fileEncoding = 4; lastKnownFileType = sourcecode.c.h; name = cell.h; path = core/cell.h; sourceTree = "<group>"; };
		5D5CDB2C21A7853A00CE28BD /* colour.h */ = {isa = PBXFileReference; fileEncoding = 4; lastKnownFileType = sourcecode.c.h; name = colour.h; path = core/colour.h; sourceTree = "<group>"; };
		5D5CDB2D21A7853A00CE28BD /* cell.cc */ = {isa = PBXFileReference; fileEncoding = 4; lastKnownFileType = sourcecode.cpp.cpp; name = cell.cc; path = core/cell.cc; sourceTree = "<group>"; };
		5D5CDB2F21A7858300CE28BD /* not_implemented.cc */ = {isa = PBXFileReference; fileEncoding = 4; lastKnownFileType = sourcecode.cpp.cpp; name = not_implemented.cc; path = excp/not_implemented.cc; sourceTree = "<group>"; };
		5D5CDB3021A7858300CE28BD /* not_implemented.h */ = {isa = PBXFileReference; fileEncoding = 4; lastKnownFileType = sourcecode.c.h; name = not_implemented.h; path = excp/not_implemented.h; sourceTree = "<group>"; };
		5DE0709321A680D9003D00BF /* main.cc */ = {isa = PBXFileReference; fileEncoding = 4; lastKnownFileType = sourcecode.cpp.cpp; path = main.cc; sourceTree = "<group>"; };
		5DE0709721A68108003D00BF /* invalid_command.cc */ = {isa = PBXFileReference; fileEncoding = 4; lastKnownFileType = sourcecode.cpp.cpp; name = invalid_command.cc; path = excp/invalid_command.cc; sourceTree = "<group>"; };
		5DE0709821A68108003D00BF /* base_exception.cc */ = {isa = PBXFileReference; fileEncoding = 4; lastKnownFileType = sourcecode.cpp.cpp; name = base_exception.cc; path = excp/base_exception.cc; sourceTree = "<group>"; };
		5DE0709921A68108003D00BF /* base_exception.h */ = {isa = PBXFileReference; fileEncoding = 4; lastKnownFileType = sourcecode.c.h; name = base_exception.h; path = excp/base_exception.h; sourceTree = "<group>"; };
		5DE0709A21A68109003D00BF /* invalid_command.h */ = {isa = PBXFileReference; fileEncoding = 4; lastKnownFileType = sourcecode.c.h; name = invalid_command.h; path = excp/invalid_command.h; sourceTree = "<group>"; };
		5DE0709D21A6813B003D00BF /* game.h */ = {isa = PBXFileReference; fileEncoding = 4; lastKnownFileType = sourcecode.c.h; name = game.h; path = core/game.h; sourceTree = "<group>"; };
		5DE0709E21A6813B003D00BF /* game.cc */ = {isa = PBXFileReference; fileEncoding = 4; lastKnownFileType = sourcecode.cpp.cpp; name = game.cc; path = core/game.cc; sourceTree = "<group>"; };
/* End PBXFileReference section */

/* Begin PBXFrameworksBuildPhase section */
		5DE0707021A67E89003D00BF /* Frameworks */ = {
			isa = PBXFrameworksBuildPhase;
			buildActionMask = 2147483647;
			files = (
			);
			runOnlyForDeploymentPostprocessing = 0;
		};
/* End PBXFrameworksBuildPhase section */

/* Begin PBXGroup section */
		5D5CDB0821A784F200CE28BD /* block */ = {
			isa = PBXGroup;
			children = (
				5D5CDB0921A784FC00CE28BD /* shape */,
				5D5CDB2C21A7853A00CE28BD /* colour.h */,
				5D5CDB0E21A7851500CE28BD /* block.cc */,
				5D5CDB0B21A7851500CE28BD /* block.h */,
				5D5CDB0A21A7851500CE28BD /* fallingBlock.cc */,
				5D5CDB0C21A7851500CE28BD /* fallingBlock.h */,
				5D5CDB0D21A7851500CE28BD /* placedBlock.cc */,
				5D5CDB0F21A7851500CE28BD /* placedBlock.h */,
			);
			name = block;
			sourceTree = "<group>";
		};
		5D5CDB0921A784FC00CE28BD /* shape */ = {
			isa = PBXGroup;
			children = (
				5D5CDB2021A7852100CE28BD /* iBlock.cc */,
				5D5CDB2121A7852100CE28BD /* iBlock.h */,
				5D5CDB1B21A7852100CE28BD /* jBlock.cc */,
				5D5CDB1821A7852100CE28BD /* jBlock.h */,
				5D5CDB1D21A7852100CE28BD /* lBlock.cc */,
				5D5CDB1321A7852100CE28BD /* lBlock.h */,
				5D5CDB1921A7852100CE28BD /* oBlock.cc */,
				5D5CDB1F21A7852100CE28BD /* oBlock.h */,
				5D5CDB1521A7852100CE28BD /* oneByOneBlock.cc */,
				5D5CDB2221A7852100CE28BD /* oneByOneBlock.h */,
				5D5CDB1A21A7852100CE28BD /* sBlock.cc */,
				5D5CDB1C21A7852100CE28BD /* sBlock.h */,
				5D5CDB1421A7852100CE28BD /* tBlock.cc */,
				5D5CDB1621A7852100CE28BD /* tBlock.h */,
				5D5CDB1721A7852100CE28BD /* zBlock.cc */,
				5D5CDB1E21A7852100CE28BD /* zBlock.h */,
			);
			name = shape;
			sourceTree = "<group>";
		};
		5DE0706A21A67E89003D00BF = {
			isa = PBXGroup;
			children = (
				5DE070A021A6815A003D00BF /* Biquadris */,
				5D5CDB0721A7849A00CE28BD /* Biquadris */,
			);
			sourceTree = "<group>";
		};
		5DE0709021A680CB003D00BF /* core */ = {
			isa = PBXGroup;
			children = (
				5D5CDB0821A784F200CE28BD /* block */,
				5D5CDB2D21A7853A00CE28BD /* cell.cc */,
				5D5CDB2B21A7853A00CE28BD /* cell.h */,
				5DE0709E21A6813B003D00BF /* game.cc */,
				5DE0709D21A6813B003D00BF /* game.h */,
			);
			name = core;
			sourceTree = "<group>";
		};
		5DE0709621A680E5003D00BF /* excp */ = {
			isa = PBXGroup;
			children = (
				5DE0709821A68108003D00BF /* base_exception.cc */,
				5DE0709921A68108003D00BF /* base_exception.h */,
				5D5CDB2F21A7858300CE28BD /* not_implemented.cc */,
				5D5CDB3021A7858300CE28BD /* not_implemented.h */,
				5DE0709721A68108003D00BF /* invalid_command.cc */,
				5DE0709A21A68109003D00BF /* invalid_command.h */,
			);
			name = excp;
			sourceTree = "<group>";
		};
		5DE070A021A6815A003D00BF /* Biquadris */ = {
			isa = PBXGroup;
			children = (
				5DE0709321A680D9003D00BF /* main.cc */,
				5DE0709621A680E5003D00BF /* excp */,
				5DE0709021A680CB003D00BF /* core */,
			);
			name = Biquadris;
			sourceTree = "<group>";
		};
/* End PBXGroup section */

/* Begin PBXNativeTarget section */
		5DE0707221A67E89003D00BF /* Biquadris */ = {
			isa = PBXNativeTarget;
			buildConfigurationList = 5DE0707A21A67E89003D00BF /* Build configuration list for PBXNativeTarget "Biquadris" */;
			buildPhases = (
				5DE0706F21A67E89003D00BF /* Sources */,
				5DE0707021A67E89003D00BF /* Frameworks */,
				5DE0707121A67E89003D00BF /* CopyFiles */,
			);
			buildRules = (
			);
			dependencies = (
			);
			name = Biquadris;
			productName = Biquadris;
			productReference = 5D5CDB0721A7849A00CE28BD /* Biquadris */;
			productType = "com.apple.product-type.tool";
		};
/* End PBXNativeTarget section */

/* Begin PBXProject section */
		5DE0706B21A67E89003D00BF /* Project object */ = {
			isa = PBXProject;
			attributes = {
				LastUpgradeCheck = 1000;
				ORGANIZATIONNAME = "Walker Hildebrand";
				TargetAttributes = {
					5DE0707221A67E89003D00BF = {
						CreatedOnToolsVersion = 10.0;
					};
				};
			};
			buildConfigurationList = 5DE0706E21A67E89003D00BF /* Build configuration list for PBXProject "Biquadris" */;
			compatibilityVersion = "Xcode 9.3";
			developmentRegion = en;
			hasScannedForEncodings = 0;
			knownRegions = (
				en,
			);
			mainGroup = 5DE0706A21A67E89003D00BF;
			productRefGroup = 5DE0706A21A67E89003D00BF;
			projectDirPath = "";
			projectRoot = "";
			targets = (
				5DE0707221A67E89003D00BF /* Biquadris */,
			);
		};
/* End PBXProject section */

/* Begin PBXSourcesBuildPhase section */
		5DE0706F21A67E89003D00BF /* Sources */ = {
			isa = PBXSourcesBuildPhase;
			buildActionMask = 2147483647;
			files = (
				5D5CDB2821A7852100CE28BD /* jBlock.cc in Sources */,
				5D5CDB1021A7851500CE28BD /* fallingBlock.cc in Sources */,
				5D5CDB1221A7851500CE28BD /* block.cc in Sources */,
				5D5CDB2A21A7852100CE28BD /* iBlock.cc in Sources */,
				5D5CDB2421A7852100CE28BD /* oneByOneBlock.cc in Sources */,
				5DE0709B21A68109003D00BF /* invalid_command.cc in Sources */,
				5D5CDB2521A7852100CE28BD /* zBlock.cc in Sources */,
				5D5CDB1121A7851500CE28BD /* placedBlock.cc in Sources */,
				5D5CDB2321A7852100CE28BD /* tBlock.cc in Sources */,
				5D5CDB2921A7852100CE28BD /* lBlock.cc in Sources */,
				5DE0709F21A6813B003D00BF /* game.cc in Sources */,
				5D5CDB2E21A7853A00CE28BD /* cell.cc in Sources */,
				5D5CDB2621A7852100CE28BD /* oBlock.cc in Sources */,
				5D5CDB3121A7858300CE28BD /* not_implemented.cc in Sources */,
				5DE0709521A680D9003D00BF /* main.cc in Sources */,
				5DE0709C21A68109003D00BF /* base_exception.cc in Sources */,
				5D5CDB2721A7852100CE28BD /* sBlock.cc in Sources */,
			);
			runOnlyForDeploymentPostprocessing = 0;
		};
/* End PBXSourcesBuildPhase section */

/* Begin XCBuildConfiguration section */
		5DE0707821A67E89003D00BF /* Debug */ = {
			isa = XCBuildConfiguration;
			buildSettings = {
				ALWAYS_SEARCH_USER_PATHS = NO;
				CLANG_ANALYZER_NONNULL = YES;
				CLANG_ANALYZER_NUMBER_OBJECT_CONVERSION = YES_AGGRESSIVE;
				CLANG_CXX_LANGUAGE_STANDARD = "gnu++14";
				CLANG_CXX_LIBRARY = "libc++";
				CLANG_ENABLE_MODULES = YES;
				CLANG_ENABLE_OBJC_ARC = YES;
				CLANG_ENABLE_OBJC_WEAK = YES;
				CLANG_WARN_BLOCK_CAPTURE_AUTORELEASING = YES;
				CLANG_WARN_BOOL_CONVERSION = YES;
				CLANG_WARN_COMMA = YES;
				CLANG_WARN_CONSTANT_CONVERSION = YES;
				CLANG_WARN_DEPRECATED_OBJC_IMPLEMENTATIONS = YES;
				CLANG_WARN_DIRECT_OBJC_ISA_USAGE = YES_ERROR;
				CLANG_WARN_DOCUMENTATION_COMMENTS = YES;
				CLANG_WARN_EMPTY_BODY = YES;
				CLANG_WARN_ENUM_CONVERSION = YES;
				CLANG_WARN_INFINITE_RECURSION = YES;
				CLANG_WARN_INT_CONVERSION = YES;
				CLANG_WARN_NON_LITERAL_NULL_CONVERSION = YES;
				CLANG_WARN_OBJC_IMPLICIT_RETAIN_SELF = YES;
				CLANG_WARN_OBJC_LITERAL_CONVERSION = YES;
				CLANG_WARN_OBJC_ROOT_CLASS = YES_ERROR;
				CLANG_WARN_RANGE_LOOP_ANALYSIS = YES;
				CLANG_WARN_STRICT_PROTOTYPES = YES;
				CLANG_WARN_SUSPICIOUS_MOVE = YES;
				CLANG_WARN_UNGUARDED_AVAILABILITY = YES_AGGRESSIVE;
				CLANG_WARN_UNREACHABLE_CODE = YES;
				CLANG_WARN__DUPLICATE_METHOD_MATCH = YES;
				CODE_SIGN_IDENTITY = "-";
				COPY_PHASE_STRIP = NO;
				DEBUG_INFORMATION_FORMAT = dwarf;
				ENABLE_STRICT_OBJC_MSGSEND = YES;
				ENABLE_TESTABILITY = YES;
				GCC_C_LANGUAGE_STANDARD = gnu11;
				GCC_DYNAMIC_NO_PIC = NO;
				GCC_NO_COMMON_BLOCKS = YES;
				GCC_OPTIMIZATION_LEVEL = 0;
				GCC_PREPROCESSOR_DEFINITIONS = (
					"DEBUG=1",
					"$(inherited)",
				);
				GCC_WARN_64_TO_32_BIT_CONVERSION = YES;
				GCC_WARN_ABOUT_RETURN_TYPE = YES_ERROR;
				GCC_WARN_UNDECLARED_SELECTOR = YES;
				GCC_WARN_UNINITIALIZED_AUTOS = YES_AGGRESSIVE;
				GCC_WARN_UNUSED_FUNCTION = YES;
				GCC_WARN_UNUSED_VARIABLE = YES;
				MACOSX_DEPLOYMENT_TARGET = 10.14;
				MTL_ENABLE_DEBUG_INFO = INCLUDE_SOURCE;
				MTL_FAST_MATH = YES;
				ONLY_ACTIVE_ARCH = YES;
				SDKROOT = macosx;
			};
			name = Debug;
		};
		5DE0707921A67E89003D00BF /* Release */ = {
			isa = XCBuildConfiguration;
			buildSettings = {
				ALWAYS_SEARCH_USER_PATHS = NO;
				CLANG_ANALYZER_NONNULL = YES;
				CLANG_ANALYZER_NUMBER_OBJECT_CONVERSION = YES_AGGRESSIVE;
				CLANG_CXX_LANGUAGE_STANDARD = "gnu++14";
				CLANG_CXX_LIBRARY = "libc++";
				CLANG_ENABLE_MODULES = YES;
				CLANG_ENABLE_OBJC_ARC = YES;
				CLANG_ENABLE_OBJC_WEAK = YES;
				CLANG_WARN_BLOCK_CAPTURE_AUTORELEASING = YES;
				CLANG_WARN_BOOL_CONVERSION = YES;
				CLANG_WARN_COMMA = YES;
				CLANG_WARN_CONSTANT_CONVERSION = YES;
				CLANG_WARN_DEPRECATED_OBJC_IMPLEMENTATIONS = YES;
				CLANG_WARN_DIRECT_OBJC_ISA_USAGE = YES_ERROR;
				CLANG_WARN_DOCUMENTATION_COMMENTS = YES;
				CLANG_WARN_EMPTY_BODY = YES;
				CLANG_WARN_ENUM_CONVERSION = YES;
				CLANG_WARN_INFINITE_RECURSION = YES;
				CLANG_WARN_INT_CONVERSION = YES;
				CLANG_WARN_NON_LITERAL_NULL_CONVERSION = YES;
				CLANG_WARN_OBJC_IMPLICIT_RETAIN_SELF = YES;
				CLANG_WARN_OBJC_LITERAL_CONVERSION = YES;
				CLANG_WARN_OBJC_ROOT_CLASS = YES_ERROR;
				CLANG_WARN_RANGE_LOOP_ANALYSIS = YES;
				CLANG_WARN_STRICT_PROTOTYPES = YES;
				CLANG_WARN_SUSPICIOUS_MOVE = YES;
				CLANG_WARN_UNGUARDED_AVAILABILITY = YES_AGGRESSIVE;
				CLANG_WARN_UNREACHABLE_CODE = YES;
				CLANG_WARN__DUPLICATE_METHOD_MATCH = YES;
				CODE_SIGN_IDENTITY = "-";
				COPY_PHASE_STRIP = NO;
				DEBUG_INFORMATION_FORMAT = "dwarf-with-dsym";
				ENABLE_NS_ASSERTIONS = NO;
				ENABLE_STRICT_OBJC_MSGSEND = YES;
				GCC_C_LANGUAGE_STANDARD = gnu11;
				GCC_NO_COMMON_BLOCKS = YES;
				GCC_WARN_64_TO_32_BIT_CONVERSION = YES;
				GCC_WARN_ABOUT_RETURN_TYPE = YES_ERROR;
				GCC_WARN_UNDECLARED_SELECTOR = YES;
				GCC_WARN_UNINITIALIZED_AUTOS = YES_AGGRESSIVE;
				GCC_WARN_UNUSED_FUNCTION = YES;
				GCC_WARN_UNUSED_VARIABLE = YES;
				MACOSX_DEPLOYMENT_TARGET = 10.14;
				MTL_ENABLE_DEBUG_INFO = NO;
				MTL_FAST_MATH = YES;
				SDKROOT = macosx;
			};
			name = Release;
		};
		5DE0707B21A67E89003D00BF /* Debug */ = {
			isa = XCBuildConfiguration;
			buildSettings = {
				CODE_SIGN_STYLE = Automatic;
				PRODUCT_NAME = "$(TARGET_NAME)";
			};
			name = Debug;
		};
		5DE0707C21A67E89003D00BF /* Release */ = {
			isa = XCBuildConfiguration;
			buildSettings = {
				CODE_SIGN_STYLE = Automatic;
				PRODUCT_NAME = "$(TARGET_NAME)";
			};
			name = Release;
		};
/* End XCBuildConfiguration section */

/* Begin XCConfigurationList section */
		5DE0706E21A67E89003D00BF /* Build configuration list for PBXProject "Biquadris" */ = {
			isa = XCConfigurationList;
			buildConfigurations = (
				5DE0707821A67E89003D00BF /* Debug */,
				5DE0707921A67E89003D00BF /* Release */,
			);
			defaultConfigurationIsVisible = 0;
			defaultConfigurationName = Release;
		};
		5DE0707A21A67E89003D00BF /* Build configuration list for PBXNativeTarget "Biquadris" */ = {
			isa = XCConfigurationList;
			buildConfigurations = (
				5DE0707B21A67E89003D00BF /* Debug */,
				5DE0707C21A67E89003D00BF /* Release */,
			);
			defaultConfigurationIsVisible = 0;
			defaultConfigurationName = Release;
		};
/* End XCConfigurationList section */
	};
	rootObject = 5DE0706B21A67E89003D00BF /* Project object */;
}
